
Microsoft Visual Studio Solution File, Format Version 12.00
# Visual Studio Version 17
VisualStudioVersion = 17.0.31903.59
MinimumVisualStudioVersion = 10.0.40219.1
Project("{2150E333-8FDC-42A3-9474-1A3956D46DE8}") = "src", "src", "{827E0CD3-B72D-47B6-A68D-7590B98EB39B}"
EndProject
Project("{FAE04EC0-301F-11D3-BF4B-00C04F79EFBC}") = "AS4SecureGateway.WorkerService", "src\AS4SecureGateway.WorkerService\AS4SecureGateway.WorkerService.csproj", "{9E374EBB-A113-45F7-9F63-C79E2B9E462E}"
EndProject
Project("{FAE04EC0-301F-11D3-BF4B-00C04F79EFBC}") = "AS4SecureGateway.Application", "src\AS4SecureGateway.Application\AS4SecureGateway.Application.csproj", "{ED535496-4948-4306-B2A9-B7EE3A315C3C}"
EndProject
Project("{FAE04EC0-301F-11D3-BF4B-00C04F79EFBC}") = "AS4SecureGateway.Domain", "src\AS4SecureGateway.Domain\AS4SecureGateway.Domain.csproj", "{2C71A6A3-539C-4230-AB10-43324631E325}"
EndProject
Project("{FAE04EC0-301F-11D3-BF4B-00C04F79EFBC}") = "AS4SecureGateway.Infrastructure", "src\AS4SecureGateway.Infrastructure\AS4SecureGateway.Infrastructure.csproj", "{5D3036B2-435A-4A38-B82A-959411C9E0C8}"
EndProject
Project("{FAE04EC0-301F-11D3-BF4B-00C04F79EFBC}") = "AS4SecureGateway.Contracts", "src\AS4SecureGateway.Contracts\AS4SecureGateway.Contracts.csproj", "{BEAE9223-1C41-4504-AB73-D9C286805D6B}"
EndProject
Project("{FAE04EC0-301F-11D3-BF4B-00C04F79EFBC}") = "AS4SecureGateway.TestEndpoint", "src\AS4SecureGateway.TestEndpoint\AS4SecureGateway.TestEndpoint.csproj", "{EF6F2F38-890C-4CE5-B158-1B8F451F6155}"
EndProject
Project("{2150E333-8FDC-42A3-9474-1A3956D46DE8}") = "tests", "tests", "{0AB3BF05-4346-4AA6-1389-037BE0695223}"
EndProject
Project("{FAE04EC0-301F-11D3-BF4B-00C04F79EFBC}") = "AS4SecureGateway.Application.Tests", "tests\AS4SecureGateway.Application.Tests\AS4SecureGateway.Application.Tests.csproj", "{FDE36D00-CB26-43A6-8C8A-A11FA3F3FFFA}"
EndProject
Project("{FAE04EC0-301F-11D3-BF4B-00C04F79EFBC}") = "AS4SecureGateway.Infrastructure.Tests", "tests\AS4SecureGateway.Infrastructure.Tests\AS4SecureGateway.Infrastructure.Tests.csproj", "{ECA18FDE-1222-4CDD-BFC0-81D8E0AE71C4}"
EndProject
Project("{FAE04EC0-301F-11D3-BF4B-00C04F79EFBC}") = "AS4SecureGateway.Domain.Tests", "tests\AS4SecureGateway.Domain.Tests\AS4SecureGateway.Domain.Tests.csproj", "{5C85DFF8-BFAF-4AE2-B090-D0D3CE594EDC}"
EndProject
Global
	GlobalSection(SolutionConfigurationPlatforms) = preSolution
		Debug|Any CPU = Debug|Any CPU
		Debug|x64 = Debug|x64
		Debug|x86 = Debug|x86
		Release|Any CPU = Release|Any CPU
		Release|x64 = Release|x64
		Release|x86 = Release|x86
	EndGlobalSection
	GlobalSection(ProjectConfigurationPlatforms) = postSolution
		{9E374EBB-A113-45F7-9F63-C79E2B9E462E}.Debug|Any CPU.ActiveCfg = Debug|Any CPU
		{9E374EBB-A113-45F7-9F63-C79E2B9E462E}.Debug|Any CPU.Build.0 = Debug|Any CPU
		{9E374EBB-A113-45F7-9F63-C79E2B9E462E}.Debug|x64.ActiveCfg = Debug|Any CPU
		{9E374EBB-A113-45F7-9F63-C79E2B9E462E}.Debug|x64.Build.0 = Debug|Any CPU
		{9E374EBB-A113-45F7-9F63-C79E2B9E462E}.Debug|x86.ActiveCfg = Debug|Any CPU
		{9E374EBB-A113-45F7-9F63-C79E2B9E462E}.Debug|x86.Build.0 = Debug|Any CPU
		{9E374EBB-A113-45F7-9F63-C79E2B9E462E}.Release|Any CPU.ActiveCfg = Release|Any CPU
		{9E374EBB-A113-45F7-9F63-C79E2B9E462E}.Release|Any CPU.Build.0 = Release|Any CPU
		{9E374EBB-A113-45F7-9F63-C79E2B9E462E}.Release|x64.ActiveCfg = Release|Any CPU
		{9E374EBB-A113-45F7-9F63-C79E2B9E462E}.Release|x64.Build.0 = Release|Any CPU
		{9E374EBB-A113-45F7-9F63-C79E2B9E462E}.Release|x86.ActiveCfg = Release|Any CPU
		{9E374EBB-A113-45F7-9F63-C79E2B9E462E}.Release|x86.Build.0 = Release|Any CPU
		{ED535496-4948-4306-B2A9-B7EE3A315C3C}.Debug|Any CPU.ActiveCfg = Debug|Any CPU
		{ED535496-4948-4306-B2A9-B7EE3A315C3C}.Debug|Any CPU.Build.0 = Debug|Any CPU
		{ED535496-4948-4306-B2A9-B7EE3A315C3C}.Debug|x64.ActiveCfg = Debug|Any CPU
		{ED535496-4948-4306-B2A9-B7EE3A315C3C}.Debug|x64.Build.0 = Debug|Any CPU
		{ED535496-4948-4306-B2A9-B7EE3A315C3C}.Debug|x86.ActiveCfg = Debug|Any CPU
		{ED535496-4948-4306-B2A9-B7EE3A315C3C}.Debug|x86.Build.0 = Debug|Any CPU
		{ED535496-4948-4306-B2A9-B7EE3A315C3C}.Release|Any CPU.ActiveCfg = Release|Any CPU
		{ED535496-4948-4306-B2A9-B7EE3A315C3C}.Release|Any CPU.Build.0 = Release|Any CPU
		{ED535496-4948-4306-B2A9-B7EE3A315C3C}.Release|x64.ActiveCfg = Release|Any CPU
		{ED535496-4948-4306-B2A9-B7EE3A315C3C}.Release|x64.Build.0 = Release|Any CPU
		{ED535496-4948-4306-B2A9-B7EE3A315C3C}.Release|x86.ActiveCfg = Release|Any CPU
		{ED535496-4948-4306-B2A9-B7EE3A315C3C}.Release|x86.Build.0 = Release|Any CPU
		{2C71A6A3-539C-4230-AB10-43324631E325}.Debug|Any CPU.ActiveCfg = Debug|Any CPU
		{2C71A6A3-539C-4230-AB10-43324631E325}.Debug|Any CPU.Build.0 = Debug|Any CPU
		{2C71A6A3-539C-4230-AB10-43324631E325}.Debug|x64.ActiveCfg = Debug|Any CPU
		{2C71A6A3-539C-4230-AB10-43324631E325}.Debug|x64.Build.0 = Debug|Any CPU
		{2C71A6A3-539C-4230-AB10-43324631E325}.Debug|x86.ActiveCfg = Debug|Any CPU
		{2C71A6A3-539C-4230-AB10-43324631E325}.Debug|x86.Build.0 = Debug|Any CPU
		{2C71A6A3-539C-4230-AB10-43324631E325}.Release|Any CPU.ActiveCfg = Release|Any CPU
		{2C71A6A3-539C-4230-AB10-43324631E325}.Release|Any CPU.Build.0 = Release|Any CPU
		{2C71A6A3-539C-4230-AB10-43324631E325}.Release|x64.ActiveCfg = Release|Any CPU
		{2C71A6A3-539C-4230-AB10-43324631E325}.Release|x64.Build.0 = Release|Any CPU
		{2C71A6A3-539C-4230-AB10-43324631E325}.Release|x86.ActiveCfg = Release|Any CPU
		{2C71A6A3-539C-4230-AB10-43324631E325}.Release|x86.Build.0 = Release|Any CPU
		{5D3036B2-435A-4A38-B82A-959411C9E0C8}.Debug|Any CPU.ActiveCfg = Debug|Any CPU
		{5D3036B2-435A-4A38-B82A-959411C9E0C8}.Debug|Any CPU.Build.0 = Debug|Any CPU
		{5D3036B2-435A-4A38-B82A-959411C9E0C8}.Debug|x64.ActiveCfg = Debug|Any CPU
		{5D3036B2-435A-4A38-B82A-959411C9E0C8}.Debug|x64.Build.0 = Debug|Any CPU
		{5D3036B2-435A-4A38-B82A-959411C9E0C8}.Debug|x86.ActiveCfg = Debug|Any CPU
		{5D3036B2-435A-4A38-B82A-959411C9E0C8}.Debug|x86.Build.0 = Debug|Any CPU
		{5D3036B2-435A-4A38-B82A-959411C9E0C8}.Release|Any CPU.ActiveCfg = Release|Any CPU
		{5D3036B2-435A-4A38-B82A-959411C9E0C8}.Release|Any CPU.Build.0 = Release|Any CPU
		{5D3036B2-435A-4A38-B82A-959411C9E0C8}.Release|x64.ActiveCfg = Release|Any CPU
		{5D3036B2-435A-4A38-B82A-959411C9E0C8}.Release|x64.Build.0 = Release|Any CPU
		{5D3036B2-435A-4A38-B82A-959411C9E0C8}.Release|x86.ActiveCfg = Release|Any CPU
		{5D3036B2-435A-4A38-B82A-959411C9E0C8}.Release|x86.Build.0 = Release|Any CPU
		{BEAE9223-1C41-4504-AB73-D9C286805D6B}.Debug|Any CPU.ActiveCfg = Debug|Any CPU
		{BEAE9223-1C41-4504-AB73-D9C286805D6B}.Debug|Any CPU.Build.0 = Debug|Any CPU
		{BEAE9223-1C41-4504-AB73-D9C286805D6B}.Debug|x64.ActiveCfg = Debug|Any CPU
		{BEAE9223-1C41-4504-AB73-D9C286805D6B}.Debug|x64.Build.0 = Debug|Any CPU
		{BEAE9223-1C41-4504-AB73-D9C286805D6B}.Debug|x86.ActiveCfg = Debug|Any CPU
		{BEAE9223-1C41-4504-AB73-D9C286805D6B}.Debug|x86.Build.0 = Debug|Any CPU
		{BEAE9223-1C41-4504-AB73-D9C286805D6B}.Release|Any CPU.ActiveCfg = Release|Any CPU
		{BEAE9223-1C41-4504-AB73-D9C286805D6B}.Release|Any CPU.Build.0 = Release|Any CPU
		{BEAE9223-1C41-4504-AB73-D9C286805D6B}.Release|x64.ActiveCfg = Release|Any CPU
		{BEAE9223-1C41-4504-AB73-D9C286805D6B}.Release|x64.Build.0 = Release|Any CPU
		{BEAE9223-1C41-4504-AB73-D9C286805D6B}.Release|x86.ActiveCfg = Release|Any CPU
		{BEAE9223-1C41-4504-AB73-D9C286805D6B}.Release|x86.Build.0 = Release|Any CPU
		{EF6F2F38-890C-4CE5-B158-1B8F451F6155}.Debug|Any CPU.ActiveCfg = Debug|Any CPU
		{EF6F2F38-890C-4CE5-B158-1B8F451F6155}.Debug|Any CPU.Build.0 = Debug|Any CPU
		{EF6F2F38-890C-4CE5-B158-1B8F451F6155}.Debug|x64.ActiveCfg = Debug|Any CPU
		{EF6F2F38-890C-4CE5-B158-1B8F451F6155}.Debug|x64.Build.0 = Debug|Any CPU
		{EF6F2F38-890C-4CE5-B158-1B8F451F6155}.Debug|x86.ActiveCfg = Debug|Any CPU
		{EF6F2F38-890C-4CE5-B158-1B8F451F6155}.Debug|x86.Build.0 = Debug|Any CPU
		{EF6F2F38-890C-4CE5-B158-1B8F451F6155}.Release|Any CPU.ActiveCfg = Release|Any CPU
		{EF6F2F38-890C-4CE5-B158-1B8F451F6155}.Release|Any CPU.Build.0 = Release|Any CPU
		{EF6F2F38-890C-4CE5-B158-1B8F451F6155}.Release|x64.ActiveCfg = Release|Any CPU
		{EF6F2F38-890C-4CE5-B158-1B8F451F6155}.Release|x64.Build.0 = Release|Any CPU
		{EF6F2F38-890C-4CE5-B158-1B8F451F6155}.Release|x86.ActiveCfg = Release|Any CPU
		{EF6F2F38-890C-4CE5-B158-1B8F451F6155}.Release|x86.Build.0 = Release|Any CPU
		{FDE36D00-CB26-43A6-8C8A-A11FA3F3FFFA}.Debug|Any CPU.ActiveCfg = Debug|Any CPU
		{FDE36D00-CB26-43A6-8C8A-A11FA3F3FFFA}.Debug|Any CPU.Build.0 = Debug|Any CPU
		{FDE36D00-CB26-43A6-8C8A-A11FA3F3FFFA}.Debug|x64.ActiveCfg = Debug|Any CPU
		{FDE36D00-CB26-43A6-8C8A-A11FA3F3FFFA}.Debug|x64.Build.0 = Debug|Any CPU
		{FDE36D00-CB26-43A6-8C8A-A11FA3F3FFFA}.Debug|x86.ActiveCfg = Debug|Any CPU
		{FDE36D00-CB26-43A6-8C8A-A11FA3F3FFFA}.Debug|x86.Build.0 = Debug|Any CPU
		{FDE36D00-CB26-43A6-8C8A-A11FA3F3FFFA}.Release|Any CPU.ActiveCfg = Release|Any CPU
		{FDE36D00-CB26-43A6-8C8A-A11FA3F3FFFA}.Release|Any CPU.Build.0 = Release|Any CPU
		{FDE36D00-CB26-43A6-8C8A-A11FA3F3FFFA}.Release|x64.ActiveCfg = Release|Any CPU
		{FDE36D00-CB26-43A6-8C8A-A11FA3F3FFFA}.Release|x64.Build.0 = Release|Any CPU
		{FDE36D00-CB26-43A6-8C8A-A11FA3F3FFFA}.Release|x86.ActiveCfg = Release|Any CPU
		{FDE36D00-CB26-43A6-8C8A-A11FA3F3FFFA}.Release|x86.Build.0 = Release|Any CPU
		{ECA18FDE-1222-4CDD-BFC0-81D8E0AE71C4}.Debug|Any CPU.ActiveCfg = Debug|Any CPU
		{ECA18FDE-1222-4CDD-BFC0-81D8E0AE71C4}.Debug|Any CPU.Build.0 = Debug|Any CPU
		{ECA18FDE-1222-4CDD-BFC0-81D8E0AE71C4}.Debug|x64.ActiveCfg = Debug|Any CPU
		{ECA18FDE-1222-4CDD-BFC0-81D8E0AE71C4}.Debug|x64.Build.0 = Debug|Any CPU
		{ECA18FDE-1222-4CDD-BFC0-81D8E0AE71C4}.Debug|x86.ActiveCfg = Debug|Any CPU
		{ECA18FDE-1222-4CDD-BFC0-81D8E0AE71C4}.Debug|x86.Build.0 = Debug|Any CPU
		{ECA18FDE-1222-4CDD-BFC0-81D8E0AE71C4}.Release|Any CPU.ActiveCfg = Release|Any CPU
		{ECA18FDE-1222-4CDD-BFC0-81D8E0AE71C4}.Release|Any CPU.Build.0 = Release|Any CPU
		{ECA18FDE-1222-4CDD-BFC0-81D8E0AE71C4}.Release|x64.ActiveCfg = Release|Any CPU
		{ECA18FDE-1222-4CDD-BFC0-81D8E0AE71C4}.Release|x64.Build.0 = Release|Any CPU
		{ECA18FDE-1222-4CDD-BFC0-81D8E0AE71C4}.Release|x86.ActiveCfg = Release|Any CPU
		{ECA18FDE-1222-4CDD-BFC0-81D8E0AE71C4}.Release|x86.Build.0 = Release|Any CPU
		{5C85DFF8-BFAF-4AE2-B090-D0D3CE594EDC}.Debug|Any CPU.ActiveCfg = Debug|Any CPU
		{5C85DFF8-BFAF-4AE2-B090-D0D3CE594EDC}.Debug|Any CPU.Build.0 = Debug|Any CPU
		{5C85DFF8-BFAF-4AE2-B090-D0D3CE594EDC}.Debug|x64.ActiveCfg = Debug|Any CPU
		{5C85DFF8-BFAF-4AE2-B090-D0D3CE594EDC}.Debug|x64.Build.0 = Debug|Any CPU
		{5C85DFF8-BFAF-4AE2-B090-D0D3CE594EDC}.Debug|x86.ActiveCfg = Debug|Any CPU
		{5C85DFF8-BFAF-4AE2-B090-D0D3CE594EDC}.Debug|x86.Build.0 = Debug|Any CPU
		{5C85DFF8-BFAF-4AE2-B090-D0D3CE594EDC}.Release|Any CPU.ActiveCfg = Release|Any CPU
		{5C85DFF8-BFAF-4AE2-B090-D0D3CE594EDC}.Release|Any CPU.Build.0 = Release|Any CPU
		{5C85DFF8-BFAF-4AE2-B090-D0D3CE594EDC}.Release|x64.ActiveCfg = Release|Any CPU
		{5C85DFF8-BFAF-4AE2-B090-D0D3CE594EDC}.Release|x64.Build.0 = Release|Any CPU
		{5C85DFF8-BFAF-4AE2-B090-D0D3CE594EDC}.Release|x86.ActiveCfg = Release|Any CPU
		{5C85DFF8-BFAF-4AE2-B090-D0D3CE594EDC}.Release|x86.Build.0 = Release|Any CPU
	EndGlobalSection
	GlobalSection(SolutionProperties) = preSolution
		HideSolutionNode = FALSE
	EndGlobalSection
	GlobalSection(NestedProjects) = preSolution
		{9E374EBB-A113-45F7-9F63-C79E2B9E462E} = {827E0CD3-B72D-47B6-A68D-7590B98EB39B}
		{ED535496-4948-4306-B2A9-B7EE3A315C3C} = {827E0CD3-B72D-47B6-A68D-7590B98EB39B}
		{2C71A6A3-539C-4230-AB10-43324631E325} = {827E0CD3-B72D-47B6-A68D-7590B98EB39B}
		{5D3036B2-435A-4A38-B82A-959411C9E0C8} = {827E0CD3-B72D-47B6-A68D-7590B98EB39B}
		{BEAE9223-1C41-4504-AB73-D9C286805D6B} = {827E0CD3-B72D-47B6-A68D-7590B98EB39B}
		{EF6F2F38-890C-4CE5-B158-1B8F451F6155} = {827E0CD3-B72D-47B6-A68D-7590B98EB39B}
		{FDE36D00-CB26-43A6-8C8A-A11FA3F3FFFA} = {0AB3BF05-4346-4AA6-1389-037BE0695223}
		{ECA18FDE-1222-4CDD-BFC0-81D8E0AE71C4} = {0AB3BF05-4346-4AA6-1389-037BE0695223}
		{5C85DFF8-BFAF-4AE2-B090-D0D3CE594EDC} = {0AB3BF05-4346-4AA6-1389-037BE0695223}
	EndGlobalSection
EndGlobal
